
Microsoft Visual Studio Solution File, Format Version 12.00
# Visual Studio 15
VisualStudioVersion = 15.0.26124.0
MinimumVisualStudioVersion = 15.0.26124.0
Project("{2150E333-8FDC-42A3-9474-1A3956D46DE8}") = "hello1", "hello1", "{0B438506-D628-4451-AADC-1F00CBF437DB}"
EndProject
Project("{9A19103F-16F7-4668-BE54-9A1E7A4F7556}") = "Send", "hello1\Send\Send.csproj", "{7FDE19B6-6B0A-4418-9E23-BCF9D6BA937F}"
EndProject
Project("{9A19103F-16F7-4668-BE54-9A1E7A4F7556}") = "Receive", "hello1\Receive\Receive.csproj", "{B8F4CEC4-0971-4784-99B8-334E919A20B1}"
EndProject
Project("{2150E333-8FDC-42A3-9474-1A3956D46DE8}") = "hello2", "hello2", "{DA70804D-1ABD-4E3C-8599-67C91C9F6A9E}"
EndProject
Project("{9A19103F-16F7-4668-BE54-9A1E7A4F7556}") = "NewTask", "hello2\NewTask\NewTask.csproj", "{A532DE03-62AB-4C96-8C3C-4460C617C66F}"
EndProject
Project("{9A19103F-16F7-4668-BE54-9A1E7A4F7556}") = "Worker", "hello2\Worker\Worker.csproj", "{7D66C738-6849-45C6-BE53-32CCCD0EC695}"
EndProject
Project("{2150E333-8FDC-42A3-9474-1A3956D46DE8}") = "Solution Items", "Solution Items", "{8122F7FF-3034-4943-B94C-00196B85EAF8}"
	ProjectSection(SolutionItems) = preProject
		rabbitMq_notes.md = rabbitMq_notes.md
	EndProjectSection
EndProject
Project("{9A19103F-16F7-4668-BE54-9A1E7A4F7556}") = "pablo.queueing.common", "pablo.queueing.common\pablo.queueing.common.csproj", "{1CA25A76-92A3-4E5E-9A69-7D449670CDF6}"
EndProject
Project("{2150E333-8FDC-42A3-9474-1A3956D46DE8}") = "hello3_pubsub", "hello3_pubsub", "{F02810DD-E46C-4E53-846A-0D8DE2AB6793}"
EndProject
Project("{FAE04EC0-301F-11D3-BF4B-00C04F79EFBC}") = "EmitLog", "hello3_pubsub\EmitLog\EmitLog.csproj", "{555D280A-8C16-4A99-88FE-B1DD9197AB5C}"
EndProject
Project("{FAE04EC0-301F-11D3-BF4B-00C04F79EFBC}") = "ReceiveLogs", "hello3_pubsub\ReceiveLogs\ReceiveLogs.csproj", "{D26EFDE4-8F03-4BDA-8B95-0ED41CE53AC7}"
EndProject
Project("{2150E333-8FDC-42A3-9474-1A3956D46DE8}") = "experiments", "experiments", "{615D0355-B8C5-46AD-B10A-E5EE9F4209C0}"
EndProject
Project("{2150E333-8FDC-42A3-9474-1A3956D46DE8}") = "exchanges", "exchanges", "{65DAE27C-409F-44B2-975F-EAA33167886A}"
EndProject
Project("{2150E333-8FDC-42A3-9474-1A3956D46DE8}") = "direct", "direct", "{50FE8C26-1DC5-4988-B808-9C72C357DCC1}"
EndProject
Project("{FAE04EC0-301F-11D3-BF4B-00C04F79EFBC}") = "Producer", "experiments\exchanges\direct\Producer\Producer.csproj", "{0554B8B0-B121-401C-865A-808F66400ADA}"
EndProject
Project("{FAE04EC0-301F-11D3-BF4B-00C04F79EFBC}") = "Consumer", "experiments\exchanges\direct\Consumer\Consumer.csproj", "{F73DC556-0E19-43F1-AAF7-C46DA1FB7CFF}"
EndProject
Global
	GlobalSection(SolutionConfigurationPlatforms) = preSolution
		Debug|Any CPU = Debug|Any CPU
		Debug|x64 = Debug|x64
		Debug|x86 = Debug|x86
		Release|Any CPU = Release|Any CPU
		Release|x64 = Release|x64
		Release|x86 = Release|x86
	EndGlobalSection
	GlobalSection(ProjectConfigurationPlatforms) = postSolution
		{7FDE19B6-6B0A-4418-9E23-BCF9D6BA937F}.Debug|Any CPU.ActiveCfg = Debug|Any CPU
		{7FDE19B6-6B0A-4418-9E23-BCF9D6BA937F}.Debug|Any CPU.Build.0 = Debug|Any CPU
		{7FDE19B6-6B0A-4418-9E23-BCF9D6BA937F}.Debug|x64.ActiveCfg = Debug|Any CPU
		{7FDE19B6-6B0A-4418-9E23-BCF9D6BA937F}.Debug|x64.Build.0 = Debug|Any CPU
		{7FDE19B6-6B0A-4418-9E23-BCF9D6BA937F}.Debug|x86.ActiveCfg = Debug|Any CPU
		{7FDE19B6-6B0A-4418-9E23-BCF9D6BA937F}.Debug|x86.Build.0 = Debug|Any CPU
		{7FDE19B6-6B0A-4418-9E23-BCF9D6BA937F}.Release|Any CPU.ActiveCfg = Release|Any CPU
		{7FDE19B6-6B0A-4418-9E23-BCF9D6BA937F}.Release|Any CPU.Build.0 = Release|Any CPU
		{7FDE19B6-6B0A-4418-9E23-BCF9D6BA937F}.Release|x64.ActiveCfg = Release|Any CPU
		{7FDE19B6-6B0A-4418-9E23-BCF9D6BA937F}.Release|x64.Build.0 = Release|Any CPU
		{7FDE19B6-6B0A-4418-9E23-BCF9D6BA937F}.Release|x86.ActiveCfg = Release|Any CPU
		{7FDE19B6-6B0A-4418-9E23-BCF9D6BA937F}.Release|x86.Build.0 = Release|Any CPU
		{B8F4CEC4-0971-4784-99B8-334E919A20B1}.Debug|Any CPU.ActiveCfg = Debug|Any CPU
		{B8F4CEC4-0971-4784-99B8-334E919A20B1}.Debug|Any CPU.Build.0 = Debug|Any CPU
		{B8F4CEC4-0971-4784-99B8-334E919A20B1}.Debug|x64.ActiveCfg = Debug|Any CPU
		{B8F4CEC4-0971-4784-99B8-334E919A20B1}.Debug|x64.Build.0 = Debug|Any CPU
		{B8F4CEC4-0971-4784-99B8-334E919A20B1}.Debug|x86.ActiveCfg = Debug|Any CPU
		{B8F4CEC4-0971-4784-99B8-334E919A20B1}.Debug|x86.Build.0 = Debug|Any CPU
		{B8F4CEC4-0971-4784-99B8-334E919A20B1}.Release|Any CPU.ActiveCfg = Release|Any CPU
		{B8F4CEC4-0971-4784-99B8-334E919A20B1}.Release|Any CPU.Build.0 = Release|Any CPU
		{B8F4CEC4-0971-4784-99B8-334E919A20B1}.Release|x64.ActiveCfg = Release|Any CPU
		{B8F4CEC4-0971-4784-99B8-334E919A20B1}.Release|x64.Build.0 = Release|Any CPU
		{B8F4CEC4-0971-4784-99B8-334E919A20B1}.Release|x86.ActiveCfg = Release|Any CPU
		{B8F4CEC4-0971-4784-99B8-334E919A20B1}.Release|x86.Build.0 = Release|Any CPU
		{A532DE03-62AB-4C96-8C3C-4460C617C66F}.Debug|Any CPU.ActiveCfg = Debug|Any CPU
		{A532DE03-62AB-4C96-8C3C-4460C617C66F}.Debug|Any CPU.Build.0 = Debug|Any CPU
		{A532DE03-62AB-4C96-8C3C-4460C617C66F}.Debug|x64.ActiveCfg = Debug|Any CPU
		{A532DE03-62AB-4C96-8C3C-4460C617C66F}.Debug|x64.Build.0 = Debug|Any CPU
		{A532DE03-62AB-4C96-8C3C-4460C617C66F}.Debug|x86.ActiveCfg = Debug|Any CPU
		{A532DE03-62AB-4C96-8C3C-4460C617C66F}.Debug|x86.Build.0 = Debug|Any CPU
		{A532DE03-62AB-4C96-8C3C-4460C617C66F}.Release|Any CPU.ActiveCfg = Release|Any CPU
		{A532DE03-62AB-4C96-8C3C-4460C617C66F}.Release|Any CPU.Build.0 = Release|Any CPU
		{A532DE03-62AB-4C96-8C3C-4460C617C66F}.Release|x64.ActiveCfg = Release|Any CPU
		{A532DE03-62AB-4C96-8C3C-4460C617C66F}.Release|x64.Build.0 = Release|Any CPU
		{A532DE03-62AB-4C96-8C3C-4460C617C66F}.Release|x86.ActiveCfg = Release|Any CPU
		{A532DE03-62AB-4C96-8C3C-4460C617C66F}.Release|x86.Build.0 = Release|Any CPU
		{7D66C738-6849-45C6-BE53-32CCCD0EC695}.Debug|Any CPU.ActiveCfg = Debug|Any CPU
		{7D66C738-6849-45C6-BE53-32CCCD0EC695}.Debug|Any CPU.Build.0 = Debug|Any CPU
		{7D66C738-6849-45C6-BE53-32CCCD0EC695}.Debug|x64.ActiveCfg = Debug|Any CPU
		{7D66C738-6849-45C6-BE53-32CCCD0EC695}.Debug|x64.Build.0 = Debug|Any CPU
		{7D66C738-6849-45C6-BE53-32CCCD0EC695}.Debug|x86.ActiveCfg = Debug|Any CPU
		{7D66C738-6849-45C6-BE53-32CCCD0EC695}.Debug|x86.Build.0 = Debug|Any CPU
		{7D66C738-6849-45C6-BE53-32CCCD0EC695}.Release|Any CPU.ActiveCfg = Release|Any CPU
		{7D66C738-6849-45C6-BE53-32CCCD0EC695}.Release|Any CPU.Build.0 = Release|Any CPU
		{7D66C738-6849-45C6-BE53-32CCCD0EC695}.Release|x64.ActiveCfg = Release|Any CPU
		{7D66C738-6849-45C6-BE53-32CCCD0EC695}.Release|x64.Build.0 = Release|Any CPU
		{7D66C738-6849-45C6-BE53-32CCCD0EC695}.Release|x86.ActiveCfg = Release|Any CPU
		{7D66C738-6849-45C6-BE53-32CCCD0EC695}.Release|x86.Build.0 = Release|Any CPU
		{1CA25A76-92A3-4E5E-9A69-7D449670CDF6}.Debug|Any CPU.ActiveCfg = Debug|Any CPU
		{1CA25A76-92A3-4E5E-9A69-7D449670CDF6}.Debug|Any CPU.Build.0 = Debug|Any CPU
		{1CA25A76-92A3-4E5E-9A69-7D449670CDF6}.Debug|x64.ActiveCfg = Debug|Any CPU
		{1CA25A76-92A3-4E5E-9A69-7D449670CDF6}.Debug|x64.Build.0 = Debug|Any CPU
		{1CA25A76-92A3-4E5E-9A69-7D449670CDF6}.Debug|x86.ActiveCfg = Debug|Any CPU
		{1CA25A76-92A3-4E5E-9A69-7D449670CDF6}.Debug|x86.Build.0 = Debug|Any CPU
		{1CA25A76-92A3-4E5E-9A69-7D449670CDF6}.Release|Any CPU.ActiveCfg = Release|Any CPU
		{1CA25A76-92A3-4E5E-9A69-7D449670CDF6}.Release|Any CPU.Build.0 = Release|Any CPU
		{1CA25A76-92A3-4E5E-9A69-7D449670CDF6}.Release|x64.ActiveCfg = Release|Any CPU
		{1CA25A76-92A3-4E5E-9A69-7D449670CDF6}.Release|x64.Build.0 = Release|Any CPU
		{1CA25A76-92A3-4E5E-9A69-7D449670CDF6}.Release|x86.ActiveCfg = Release|Any CPU
		{1CA25A76-92A3-4E5E-9A69-7D449670CDF6}.Release|x86.Build.0 = Release|Any CPU
		{555D280A-8C16-4A99-88FE-B1DD9197AB5C}.Debug|Any CPU.ActiveCfg = Debug|Any CPU
		{555D280A-8C16-4A99-88FE-B1DD9197AB5C}.Debug|Any CPU.Build.0 = Debug|Any CPU
		{555D280A-8C16-4A99-88FE-B1DD9197AB5C}.Debug|x64.ActiveCfg = Debug|Any CPU
		{555D280A-8C16-4A99-88FE-B1DD9197AB5C}.Debug|x64.Build.0 = Debug|Any CPU
		{555D280A-8C16-4A99-88FE-B1DD9197AB5C}.Debug|x86.ActiveCfg = Debug|Any CPU
		{555D280A-8C16-4A99-88FE-B1DD9197AB5C}.Debug|x86.Build.0 = Debug|Any CPU
		{555D280A-8C16-4A99-88FE-B1DD9197AB5C}.Release|Any CPU.ActiveCfg = Release|Any CPU
		{555D280A-8C16-4A99-88FE-B1DD9197AB5C}.Release|Any CPU.Build.0 = Release|Any CPU
		{555D280A-8C16-4A99-88FE-B1DD9197AB5C}.Release|x64.ActiveCfg = Release|Any CPU
		{555D280A-8C16-4A99-88FE-B1DD9197AB5C}.Release|x64.Build.0 = Release|Any CPU
		{555D280A-8C16-4A99-88FE-B1DD9197AB5C}.Release|x86.ActiveCfg = Release|Any CPU
		{555D280A-8C16-4A99-88FE-B1DD9197AB5C}.Release|x86.Build.0 = Release|Any CPU
		{D26EFDE4-8F03-4BDA-8B95-0ED41CE53AC7}.Debug|Any CPU.ActiveCfg = Debug|Any CPU
		{D26EFDE4-8F03-4BDA-8B95-0ED41CE53AC7}.Debug|Any CPU.Build.0 = Debug|Any CPU
		{D26EFDE4-8F03-4BDA-8B95-0ED41CE53AC7}.Debug|x64.ActiveCfg = Debug|Any CPU
		{D26EFDE4-8F03-4BDA-8B95-0ED41CE53AC7}.Debug|x64.Build.0 = Debug|Any CPU
		{D26EFDE4-8F03-4BDA-8B95-0ED41CE53AC7}.Debug|x86.ActiveCfg = Debug|Any CPU
		{D26EFDE4-8F03-4BDA-8B95-0ED41CE53AC7}.Debug|x86.Build.0 = Debug|Any CPU
		{D26EFDE4-8F03-4BDA-8B95-0ED41CE53AC7}.Release|Any CPU.ActiveCfg = Release|Any CPU
		{D26EFDE4-8F03-4BDA-8B95-0ED41CE53AC7}.Release|Any CPU.Build.0 = Release|Any CPU
		{D26EFDE4-8F03-4BDA-8B95-0ED41CE53AC7}.Release|x64.ActiveCfg = Release|Any CPU
		{D26EFDE4-8F03-4BDA-8B95-0ED41CE53AC7}.Release|x64.Build.0 = Release|Any CPU
		{D26EFDE4-8F03-4BDA-8B95-0ED41CE53AC7}.Release|x86.ActiveCfg = Release|Any CPU
		{D26EFDE4-8F03-4BDA-8B95-0ED41CE53AC7}.Release|x86.Build.0 = Release|Any CPU
		{0554B8B0-B121-401C-865A-808F66400ADA}.Debug|Any CPU.ActiveCfg = Debug|Any CPU
		{0554B8B0-B121-401C-865A-808F66400ADA}.Debug|Any CPU.Build.0 = Debug|Any CPU
		{0554B8B0-B121-401C-865A-808F66400ADA}.Debug|x64.ActiveCfg = Debug|Any CPU
		{0554B8B0-B121-401C-865A-808F66400ADA}.Debug|x64.Build.0 = Debug|Any CPU
		{0554B8B0-B121-401C-865A-808F66400ADA}.Debug|x86.ActiveCfg = Debug|Any CPU
		{0554B8B0-B121-401C-865A-808F66400ADA}.Debug|x86.Build.0 = Debug|Any CPU
		{0554B8B0-B121-401C-865A-808F66400ADA}.Release|Any CPU.ActiveCfg = Release|Any CPU
		{0554B8B0-B121-401C-865A-808F66400ADA}.Release|Any CPU.Build.0 = Release|Any CPU
		{0554B8B0-B121-401C-865A-808F66400ADA}.Release|x64.ActiveCfg = Release|Any CPU
		{0554B8B0-B121-401C-865A-808F66400ADA}.Release|x64.Build.0 = Release|Any CPU
		{0554B8B0-B121-401C-865A-808F66400ADA}.Release|x86.ActiveCfg = Release|Any CPU
		{0554B8B0-B121-401C-865A-808F66400ADA}.Release|x86.Build.0 = Release|Any CPU
		{F73DC556-0E19-43F1-AAF7-C46DA1FB7CFF}.Debug|Any CPU.ActiveCfg = Debug|Any CPU
		{F73DC556-0E19-43F1-AAF7-C46DA1FB7CFF}.Debug|Any CPU.Build.0 = Debug|Any CPU
		{F73DC556-0E19-43F1-AAF7-C46DA1FB7CFF}.Debug|x64.ActiveCfg = Debug|Any CPU
		{F73DC556-0E19-43F1-AAF7-C46DA1FB7CFF}.Debug|x64.Build.0 = Debug|Any CPU
		{F73DC556-0E19-43F1-AAF7-C46DA1FB7CFF}.Debug|x86.ActiveCfg = Debug|Any CPU
		{F73DC556-0E19-43F1-AAF7-C46DA1FB7CFF}.Debug|x86.Build.0 = Debug|Any CPU
		{F73DC556-0E19-43F1-AAF7-C46DA1FB7CFF}.Release|Any CPU.ActiveCfg = Release|Any CPU
		{F73DC556-0E19-43F1-AAF7-C46DA1FB7CFF}.Release|Any CPU.Build.0 = Release|Any CPU
		{F73DC556-0E19-43F1-AAF7-C46DA1FB7CFF}.Release|x64.ActiveCfg = Release|Any CPU
		{F73DC556-0E19-43F1-AAF7-C46DA1FB7CFF}.Release|x64.Build.0 = Release|Any CPU
		{F73DC556-0E19-43F1-AAF7-C46DA1FB7CFF}.Release|x86.ActiveCfg = Release|Any CPU
		{F73DC556-0E19-43F1-AAF7-C46DA1FB7CFF}.Release|x86.Build.0 = Release|Any CPU
	EndGlobalSection
	GlobalSection(SolutionProperties) = preSolution
		HideSolutionNode = FALSE
	EndGlobalSection
	GlobalSection(NestedProjects) = preSolution
		{7FDE19B6-6B0A-4418-9E23-BCF9D6BA937F} = {0B438506-D628-4451-AADC-1F00CBF437DB}
		{B8F4CEC4-0971-4784-99B8-334E919A20B1} = {0B438506-D628-4451-AADC-1F00CBF437DB}
		{A532DE03-62AB-4C96-8C3C-4460C617C66F} = {DA70804D-1ABD-4E3C-8599-67C91C9F6A9E}
		{7D66C738-6849-45C6-BE53-32CCCD0EC695} = {DA70804D-1ABD-4E3C-8599-67C91C9F6A9E}
		{555D280A-8C16-4A99-88FE-B1DD9197AB5C} = {F02810DD-E46C-4E53-846A-0D8DE2AB6793}
		{D26EFDE4-8F03-4BDA-8B95-0ED41CE53AC7} = {F02810DD-E46C-4E53-846A-0D8DE2AB6793}
		{65DAE27C-409F-44B2-975F-EAA33167886A} = {615D0355-B8C5-46AD-B10A-E5EE9F4209C0}
		{50FE8C26-1DC5-4988-B808-9C72C357DCC1} = {65DAE27C-409F-44B2-975F-EAA33167886A}
		{0554B8B0-B121-401C-865A-808F66400ADA} = {50FE8C26-1DC5-4988-B808-9C72C357DCC1}
		{F73DC556-0E19-43F1-AAF7-C46DA1FB7CFF} = {50FE8C26-1DC5-4988-B808-9C72C357DCC1}
	EndGlobalSection
	GlobalSection(ExtensibilityGlobals) = postSolution
		SolutionGuid = {E9A423B9-F237-4C46-87FA-2E14AC889607}
	EndGlobalSection
EndGlobal
